{
  "name": "js",
  "version": "1.0.0",
  "lockfileVersion": 2,
  "requires": true,
  "packages": {
    "": {
      "version": "1.0.0",
      "license": "ISC",
      "dependencies": {
        "inputmask": "^5.0.5"
      }
    },
    "node_modules/inputmask": {
      "version": "5.0.5",
      "resolved": "https://registry.npmjs.org/inputmask/-/inputmask-5.0.5.tgz",
      "integrity": "sha512-9gqau4tb0oaxYiymLC43KU/aAXHVofya7ilGIxqKONbSh7LNKRHmpw6mhuH2D4yykRlcNhS9zI/FOsrAQmltQA=="
    }
  },
  "dependencies": {
    "inputmask": {
      "version": "5.0.5",
      "resolved": "https://registry.npmjs.org/inputmask/-/inputmask-5.0.5.tgz",
      "integrity": "sha512-9gqau4tb0oaxYiymLC43KU/aAXHVofya7ilGIxqKONbSh7LNKRHmpw6mhuH2D4yykRlcNhS9zI/FOsrAQmltQA=="
    }
  }
}
